
Microsoft Visual Studio Solution File, Format Version 12.00
# Visual Studio 15
VisualStudioVersion = 15.0.28307.902
MinimumVisualStudioVersion = 10.0.40219.1
Project("{9A19103F-16F7-4668-BE54-9A1E7A4F7556}") = "LdapFramework", "LdapFramework\LdapFramework.csproj", "{7C34FFCF-C1E5-4BBF-8EB7-74D3924562A6}"
EndProject
Project("{FAE04EC0-301F-11D3-BF4B-00C04F79EFBC}") = "TestFramework", "TestFramework\TestFramework.csproj", "{870D6BE5-847A-4E76-A91D-943F7294CCB1}"
EndProject
Global
	GlobalSection(SolutionConfigurationPlatforms) = preSolution
		Debug|Any CPU = Debug|Any CPU
		Release|Any CPU = Release|Any CPU
	EndGlobalSection
	GlobalSection(ProjectConfigurationPlatforms) = postSolution
		{7C34FFCF-C1E5-4BBF-8EB7-74D3924562A6}.Debug|Any CPU.ActiveCfg = Debug|Any CPU
		{7C34FFCF-C1E5-4BBF-8EB7-74D3924562A6}.Debug|Any CPU.Build.0 = Debug|Any CPU
		{7C34FFCF-C1E5-4BBF-8EB7-74D3924562A6}.Release|Any CPU.ActiveCfg = Release|Any CPU
		{7C34FFCF-C1E5-4BBF-8EB7-74D3924562A6}.Release|Any CPU.Build.0 = Release|Any CPU
		{870D6BE5-847A-4E76-A91D-943F7294CCB1}.Debug|Any CPU.ActiveCfg = Debug|Any CPU
		{870D6BE5-847A-4E76-A91D-943F7294CCB1}.Debug|Any CPU.Build.0 = Debug|Any CPU
		{870D6BE5-847A-4E76-A91D-943F7294CCB1}.Release|Any CPU.ActiveCfg = Release|Any CPU
		{870D6BE5-847A-4E76-A91D-943F7294CCB1}.Release|Any CPU.Build.0 = Release|Any CPU
	EndGlobalSection
	GlobalSection(SolutionProperties) = preSolution
		HideSolutionNode = FALSE
	EndGlobalSection
	GlobalSection(ExtensibilityGlobals) = postSolution
		SolutionGuid = {A0DB3BB8-741C-4F83-BDC4-FD7D6D8CFF6B}
	EndGlobalSection
EndGlobal
